lockfileVersion: '6.0'

settings:
  autoInstallPeers: true
  excludeLinksFromLockfile: false

dependencies:
  wait-on:
    specifier: 7.2.0
    version: 7.2.0

devDependencies:
  dd-trace:
    specifier: 5.17.0
    version: 5.17.0

packages:

  /@datadog/native-appsec@8.0.1:
    resolution: {integrity: sha512-SpWkoo7K4+pwxFze1ogRF1qBaKm8sZjWfZKnQ8Ex67f6L5odLjWOoiiIAs5rp01sLKGXjxU8IJf+X9j4PvI2zQ==}
    engines: {node: '>=16'}
    requiresBuild: true
    dependencies:
      node-gyp-build: 3.9.0
    dev: true

  /@datadog/native-iast-rewriter@2.3.1:
    resolution: {integrity: sha512-3pmt5G1Ai/+MPyxP7wBerIu/zH/BnAHxEu/EAMr+77IMpK5m7THPDUoWrPRCWcgFBfn0pK5DR7gRItG0wX3e0g==}
    engines: {node: '>= 10'}
    dependencies:
      lru-cache: 7.18.3
      node-gyp-build: 4.8.1
    dev: true

  /@datadog/native-iast-taint-tracking@2.1.0:
    resolution: {integrity: sha512-DjZ6itJcjLrTdKk2vP96hak2xS0ABd0NIB8poZG3OBQU5efkzu8JOQoxbIKMklG/0P2zh7EquvGP88PdVXT9aA==}
    requiresBuild: true
    dependencies:
      node-gyp-build: 3.9.0
    dev: true

  /@datadog/native-metrics@2.0.0:
    resolution: {integrity: sha512-YklGVwUtmKGYqFf1MNZuOHvTYdKuR4+Af1XkWcMD8BwOAjxmd9Z+97328rCOY8TFUJzlGUPaXzB8j2qgG/BMwA==}
    engines: {node: '>=12'}
    requiresBuild: true
    dependencies:
      node-addon-api: 6.1.0
      node-gyp-build: 3.9.0
    dev: true

  /@datadog/pprof@5.3.0:
    resolution: {integrity: sha512-53z2Q3K92T6Pf4vz4Ezh8kfkVEvLzbnVqacZGgcbkP//q0joFzO8q00Etw1S6NdnCX0XmX08ULaF4rUI5r14mw==}
    engines: {node: '>=14'}
    requiresBuild: true
    dependencies:
      delay: 5.0.0
      node-gyp-build: 3.9.0
      p-limit: 3.1.0
      pprof-format: 2.1.0
      source-map: 0.7.4
    dev: true

  /@datadog/sketches-js@2.1.1:
    resolution: {integrity: sha512-d5RjycE+MObE/hU+8OM5Zp4VjTwiPLRa8299fj7muOmR16fb942z8byoMbCErnGh0lBevvgkGrLclQDvINbIyg==}
    dev: true

  /@hapi/hoek@9.3.0:
    resolution: {integrity: sha512-/c6rf4UJlmHlC9b5BaNvzAcFv7HZ2QHaV0D4/HNlBdvFnvQq8RI4kYdhyPCl7Xj+oWvTWQ8ujhqS53LIgAe6KQ==}
    dev: false

  /@hapi/topo@5.1.0:
    resolution: {integrity: sha512-foQZKJig7Ob0BMAYBfcJk8d77QtOe7Wo4ox7ff1lQYoNNAb6jwcY1ncdoy2e9wQZzvNy7ODZCYJkK8kzmcAnAg==}
    dependencies:
      '@hapi/hoek': 9.3.0
    dev: false

  /@opentelemetry/api@1.8.0:
    resolution: {integrity: sha512-I/s6F7yKUDdtMsoBWXJe8Qz40Tui5vsuKCWJEWVL+5q9sSWRzzx6v2KeNsOBEwd94j0eWkpWCH4yB6rZg9Mf0w==}
    engines: {node: '>=8.0.0'}
    dev: true

  /@opentelemetry/core@1.25.0(@opentelemetry/api@1.8.0):
    resolution: {integrity: sha512-n0B3s8rrqGrasTgNkXLKXzN0fXo+6IYP7M5b7AMsrZM33f/y6DS6kJ0Btd7SespASWq8bgL3taLo0oe0vB52IQ==}
    engines: {node: '>=14'}
    peerDependencies:
      '@opentelemetry/api': '>=1.0.0 <1.10.0'
    dependencies:
      '@opentelemetry/api': 1.8.0
      '@opentelemetry/semantic-conventions': 1.25.0
    dev: true

  /@opentelemetry/semantic-conventions@1.25.0:
    resolution: {integrity: sha512-M+kkXKRAIAiAP6qYyesfrC5TOmDpDVtsxuGfPcqd9B/iBrac+E14jYwrgm0yZBUIbIP2OnqC3j+UgkXLm1vxUQ==}
    engines: {node: '>=14'}
    dev: true

  /@protobufjs/aspromise@1.1.2:
    resolution: {integrity: sha512-j+gKExEuLmKwvz3OgROXtrJ2UG2x8Ch2YZUxahh+s1F2HZ+wAceUNLkvy6zKCPVRkU++ZWQrdxsUeQXmcg4uoQ==}
    dev: true

  /@protobufjs/base64@1.1.2:
    resolution: {integrity: sha512-AZkcAA5vnN/v4PDqKyMR5lx7hZttPDgClv83E//FMNhR2TMcLUhfRUBHCmSl0oi9zMgDDqRUJkSxO3wm85+XLg==}
    dev: true

  /@protobufjs/codegen@2.0.4:
    resolution: {integrity: sha512-YyFaikqM5sH0ziFZCN3xDC7zeGaB/d0IUb9CATugHWbd1FRFwWwt4ld4OYMPWu5a3Xe01mGAULCdqhMlPl29Jg==}
    dev: true

  /@protobufjs/eventemitter@1.1.0:
    resolution: {integrity: sha512-j9ednRT81vYJ9OfVuXG6ERSTdEL1xVsNgqpkxMsbIabzSo3goCjDIveeGv5d03om39ML71RdmrGNjG5SReBP/Q==}
    dev: true

  /@protobufjs/fetch@1.1.0:
    resolution: {integrity: sha512-lljVXpqXebpsijW71PZaCYeIcE5on1w5DlQy5WH6GLbFryLUrBD4932W/E2BSpfRJWseIL4v/KPgBFxDOIdKpQ==}
    dependencies:
      '@protobufjs/aspromise': 1.1.2
      '@protobufjs/inquire': 1.1.0
    dev: true

  /@protobufjs/float@1.0.2:
    resolution: {integrity: sha512-Ddb+kVXlXst9d+R9PfTIxh1EdNkgoRe5tOX6t01f1lYWOvJnSPDBlG241QLzcyPdoNTsblLUdujGSE4RzrTZGQ==}
    dev: true

  /@protobufjs/inquire@1.1.0:
    resolution: {integrity: sha512-kdSefcPdruJiFMVSbn801t4vFK7KB/5gd2fYvrxhuJYg8ILrmn9SKSX2tZdV6V+ksulWqS7aXjBcRXl3wHoD9Q==}
    dev: true

  /@protobufjs/path@1.1.2:
    resolution: {integrity: sha512-6JOcJ5Tm08dOHAbdR3GrvP+yUUfkjG5ePsHYczMFLq3ZmMkAD98cDgcT2iA1lJ9NVwFd4tH/iSSoe44YWkltEA==}
    dev: true

  /@protobufjs/pool@1.1.0:
    resolution: {integrity: sha512-0kELaGSIDBKvcgS4zkjz1PeddatrjYcmMWOlAuAPwAeccUrPHdUqo/J6LiymHHEiJT5NrF1UVwxY14f+fy4WQw==}
    dev: true

  /@protobufjs/utf8@1.1.0:
    resolution: {integrity: sha512-Vvn3zZrhQZkkBE8LSuW3em98c0FwgO4nxzv6OdSxPKJIEKY2bGbHn+mhGIPerzI4twdxaP8/0+06HBpwf345Lw==}
    dev: true

  /@sideway/address@4.1.5:
    resolution: {integrity: sha512-IqO/DUQHUkPeixNQ8n0JA6102hT9CmaljNTPmQ1u8MEhBo/R4Q8eKLN/vGZxuebwOroDB4cbpjheD4+/sKFK4Q==}
    dependencies:
      '@hapi/hoek': 9.3.0
    dev: false

  /@sideway/formula@3.0.1:
    resolution: {integrity: sha512-/poHZJJVjx3L+zVD6g9KgHfYnb443oi7wLu/XKojDviHy6HOEOA6z1Trk5aR1dGcmPenJEgb2sK2I80LeS3MIg==}
    dev: false

  /@sideway/pinpoint@2.0.0:
    resolution: {integrity: sha512-RNiOoTPkptFtSVzQevY/yWtZwf/RxyVnPy/OcA9HBM3MlGDnBEYL5B41H0MTn0Uec8Hi+2qUtTfG2WWZBmMejQ==}
    dev: false

  /@types/node@20.14.2:
    resolution: {integrity: sha512-xyu6WAMVwv6AKFLB+e/7ySZVr/0zLCzOa7rSpq6jNwpqOrUbcACDWC+53d4n2QHOnDou0fbIsg8wZu/sxrnI4Q==}
    dependencies:
      undici-types: 5.26.5
    dev: true

  /acorn-import-attributes@1.9.5(acorn@8.12.0):
    resolution: {integrity: sha512-n02Vykv5uA3eHGM/Z2dQrcD56kL8TyDb2p1+0P83PClMnC/nc+anbQRhIOWnSq4Ke/KvDPrY3C9hDtC/A3eHnQ==}
    peerDependencies:
      acorn: ^8
    dependencies:
      acorn: 8.12.0
    dev: true

  /acorn@8.12.0:
    resolution: {integrity: sha512-RTvkC4w+KNXrM39/lWCUaG0IbRkWdCv7W/IOW9oU6SawyxulvkQy5HQPVTKxEjczcUvapcrw3cFx/60VN/NRNw==}
    engines: {node: '>=0.4.0'}
    hasBin: true
    dev: true

  /asynckit@0.4.0:
    resolution: {integrity: sha512-Oei9OH4tRh0YqU3GxhX79dM/mwVgvbZJaSNaRk+bshkj0S5cfHcgYakreBjrHwatXKbz+IoIdYLxrKim2MjW0Q==}
    dev: false

  /axios@1.7.2:
    resolution: {integrity: sha512-2A8QhOMrbomlDuiLeK9XibIBzuHeRcqqNOHp0Cyp5EoJ1IFDh+XZH3A6BkXtv0K4gFGCI0Y4BM7B1wOEi0Rmgw==}
    dependencies:
      follow-redirects: 1.15.6
      form-data: 4.0.0
      proxy-from-env: 1.1.0
    transitivePeerDependencies:
      - debug
    dev: false

  /cjs-module-lexer@1.3.1:
    resolution: {integrity: sha512-a3KdPAANPbNE4ZUv9h6LckSl9zLsYOP4MBmhIPkRaeyybt+r4UghLvq+xw/YwUcC1gqylCkL4rdVs3Lwupjm4Q==}
    dev: true

  /combined-stream@1.0.8:
    resolution: {integrity: sha512-FQN4MRfuJeHf7cBbBMJFXhKSDq+2kAArBlmRBvcvFE5BB1HZKXtSFASDhdlz9zOYwxh8lDdnvmMOe/+5cdoEdg==}
    engines: {node: '>= 0.8'}
    dependencies:
      delayed-stream: 1.0.0
    dev: false

  /crypto-randomuuid@1.0.0:
    resolution: {integrity: sha512-/RC5F4l1SCqD/jazwUF6+t34Cd8zTSAGZ7rvvZu1whZUhD2a5MOGKjSGowoGcpj/cbVZk1ZODIooJEQQq3nNAA==}
    dev: true

  /dc-polyfill@0.1.6:
    resolution: {integrity: sha512-UV33cugmCC49a5uWAApM+6Ev9ZdvIUMTrtCO9fj96TPGOQiea54oeO3tiEVdVeo3J9N2UdJEmbS4zOkkEA35uQ==}
    engines: {node: '>=12.17'}
    dev: true

  /dd-trace@5.17.0:
    resolution: {integrity: sha512-XirOYj5pJFYnm9NHvN5RFcvDyN/XMDS72wqTTnJgTPMbE4Dc28oQIdM2XWNxDtAcxqLnZq0/4DtFebGYzBAIYw==}
    engines: {node: '>=18'}
    requiresBuild: true
    dependencies:
      '@datadog/native-appsec': 8.0.1
      '@datadog/native-iast-rewriter': 2.3.1
      '@datadog/native-iast-taint-tracking': 2.1.0
      '@datadog/native-metrics': 2.0.0
      '@datadog/pprof': 5.3.0
      '@datadog/sketches-js': 2.1.1
      '@opentelemetry/api': 1.8.0
      '@opentelemetry/core': 1.25.0(@opentelemetry/api@1.8.0)
      crypto-randomuuid: 1.0.0
      dc-polyfill: 0.1.6
      ignore: 5.3.1
      import-in-the-middle: 1.8.0
      int64-buffer: 0.1.10
      istanbul-lib-coverage: 3.2.0
      jest-docblock: 29.7.0
      koalas: 1.0.2
      limiter: 1.1.5
      lodash.sortby: 4.7.0
      lru-cache: 7.18.3
      module-details-from-path: 1.0.3
      msgpack-lite: 0.1.26
      opentracing: 0.14.7
      path-to-regexp: 0.1.8
      pprof-format: 2.1.0
      protobufjs: 7.3.2
      retry: 0.13.1
      semver: 7.6.2
      shell-quote: 1.8.1
      tlhunter-sorted-set: 0.1.0
    dev: true

  /delay@5.0.0:
    resolution: {integrity: sha512-ReEBKkIfe4ya47wlPYf/gu5ib6yUG0/Aez0JQZQz94kiWtRQvZIQbTiehsnwHvLSWJnQdhVeqYue7Id1dKr0qw==}
    engines: {node: '>=10'}
    dev: true

  /delayed-stream@1.0.0:
    resolution: {integrity: sha512-ZySD7Nf91aLB0RxL4KGrKHBXl7Eds1DAmEdcoVawXnLD7SDhpNgtuII2aAkg7a7QS41jxPSZ17p4VdGnMHk3MQ==}
    engines: {node: '>=0.4.0'}
    dev: false

  /detect-newline@3.1.0:
    resolution: {integrity: sha512-TLz+x/vEXm/Y7P7wn1EJFNLxYpUD4TgMosxY6fAVJUnJMbupHBOncxyWUG9OpTaH9EBD7uFI5LfEgmMOc54DsA==}
    engines: {node: '>=8'}
    dev: true

  /event-lite@0.1.3:
    resolution: {integrity: sha512-8qz9nOz5VeD2z96elrEKD2U433+L3DWdUdDkOINLGOJvx1GsMBbMn0aCeu28y8/e85A6mCigBiFlYMnTBEGlSw==}
    dev: true

  /follow-redirects@1.15.6:
    resolution: {integrity: sha512-wWN62YITEaOpSK584EZXJafH1AGpO8RVgElfkuXbTOrPX4fIfOyEpW/CsiNd8JdYrAoOvafRTOEnvsO++qCqFA==}
    engines: {node: '>=4.0'}
    peerDependencies:
      debug: '*'
    peerDependenciesMeta:
      debug:
        optional: true
    dev: false

  /form-data@4.0.0:
    resolution: {integrity: sha512-ETEklSGi5t0QMZuiXoA/Q6vcnxcLQP5vdugSpuAyi6SVGi2clPPp+xgEhuMaHC+zGgn31Kd235W35f7Hykkaww==}
    engines: {node: '>= 6'}
    dependencies:
      asynckit: 0.4.0
      combined-stream: 1.0.8
      mime-types: 2.1.35
    dev: false

  /ieee754@1.2.1:
    resolution: {integrity: sha512-dcyqhDvX1C46lXZcVqCpK+FtMRQVdIMN6/Df5js2zouUsqG7I6sFxitIC+7KYK29KdXOLHdu9zL4sFnoVQnqaA==}
    dev: true

  /ignore@5.3.1:
    resolution: {integrity: sha512-5Fytz/IraMjqpwfd34ke28PTVMjZjJG2MPn5t7OE4eUCUNf8BAa7b5WUS9/Qvr6mwOQS7Mk6vdsMno5he+T8Xw==}
    engines: {node: '>= 4'}
    dev: true

  /import-in-the-middle@1.8.0:
    resolution: {integrity: sha512-/xQjze8szLNnJ5rvHSzn+dcVXqCAU6Plbk4P24U/jwPmg1wy7IIp9OjKIO5tYue8GSPhDpPDiApQjvBUmWwhsQ==}
    dependencies:
      acorn: 8.12.0
      acorn-import-attributes: 1.9.5(acorn@8.12.0)
      cjs-module-lexer: 1.3.1
      module-details-from-path: 1.0.3
    dev: true

  /int64-buffer@0.1.10:
    resolution: {integrity: sha512-v7cSY1J8ydZ0GyjUHqF+1bshJ6cnEVLo9EnjB8p+4HDRPZc9N5jjmvUV7NvEsqQOKyH0pmIBFWXVQbiS0+OBbA==}
    dev: true

  /isarray@1.0.0:
    resolution: {integrity: sha512-VLghIWNM6ELQzo7zwmcg0NmTVyWKYjvIeM83yjp0wRDTmUnrM678fQbcKBo6n2CJEF0szoG//ytg+TKla89ALQ==}
    dev: true

  /istanbul-lib-coverage@3.2.0:
    resolution: {integrity: sha512-eOeJ5BHCmHYvQK7xt9GkdHuzuCGS1Y6g9Gvnx3Ym33fz/HpLRYxiS0wHNr+m/MBC8B647Xt608vCDEvhl9c6Mw==}
    engines: {node: '>=8'}
    dev: true

  /jest-docblock@29.7.0:
    resolution: {integrity: sha512-q617Auw3A612guyaFgsbFeYpNP5t2aoUNLwBUbc/0kD1R4t9ixDbyFTHd1nok4epoVFpr7PmeWHrhvuV3XaJ4g==}
    engines: {node: ^14.15.0 || ^16.10.0 || >=18.0.0}
    dependencies:
      detect-newline: 3.1.0
    dev: true

  /joi@17.13.1:
    resolution: {integrity: sha512-vaBlIKCyo4FCUtCm7Eu4QZd/q02bWcxfUO6YSXAZOWF6gzcLBeba8kwotUdYJjDLW8Cz8RywsSOqiNJZW0mNvg==}
    dependencies:
      '@hapi/hoek': 9.3.0
      '@hapi/topo': 5.1.0
      '@sideway/address': 4.1.5
      '@sideway/formula': 3.0.1
      '@sideway/pinpoint': 2.0.0
    dev: false

  /koalas@1.0.2:
    resolution: {integrity: sha512-RYhBbYaTTTHId3l6fnMZc3eGQNW6FVCqMG6AMwA5I1Mafr6AflaXeoi6x3xQuATRotGYRLk6+1ELZH4dstFNOA==}
    engines: {node: '>=0.10.0'}
    dev: true

  /limiter@1.1.5:
    resolution: {integrity: sha512-FWWMIEOxz3GwUI4Ts/IvgVy6LPvoMPgjMdQ185nN6psJyBJ4yOpzqm695/h5umdLJg2vW3GR5iG11MAkR2AzJA==}
    dev: true

  /lodash.sortby@4.7.0:
    resolution: {integrity: sha512-HDWXG8isMntAyRF5vZ7xKuEvOhT4AhlRt/3czTSjvGUxjYCBVRQY48ViDHyfYz9VIoBkW4TMGQNapx+l3RUwdA==}
    dev: true

  /lodash@4.17.21:
    resolution: {integrity: sha512-v2kDEe57lecTulaDIuNTPy3Ry4gLGJ6Z1O3vE1krgXZNrsQ+LFTGHVxVjcXPs17LhbZVGedAJv8XZ1tvj5FvSg==}
    dev: false

  /long@5.2.3:
    resolution: {integrity: sha512-lcHwpNoggQTObv5apGNCTdJrO69eHOZMi4BNC+rTLER8iHAqGrUVeLh/irVIM7zTw2bOXA8T6uNPeujwOLg/2Q==}
    dev: true

  /lru-cache@7.18.3:
    resolution: {integrity: sha512-jumlc0BIUrS3qJGgIkWZsyfAM7NCWiBcCDhnd+3NNM5KbBmLTgHVfWBcg6W+rLUsIpzpERPsvwUP7CckAQSOoA==}
    engines: {node: '>=12'}
    dev: true

  /mime-db@1.52.0:
    resolution: {integrity: sha512-sPU4uV7dYlvtWJxwwxHD0PuihVNiE7TyAbQ5SWxDCB9mUYvOgroQOwYQQOKPJ8CIbE+1ETVlOoK1UC2nU3gYvg==}
    engines: {node: '>= 0.6'}
    dev: false

  /mime-types@2.1.35:
    resolution: {integrity: sha512-ZDY+bPm5zTTF+YpCrAU9nK0UgICYPT0QtT1NZWFv4s++TNkcgVaT0g6+4R2uI4MjQjzysHB1zxuWL50hzaeXiw==}
    engines: {node: '>= 0.6'}
    dependencies:
      mime-db: 1.52.0
    dev: false

  /minimist@1.2.8:
    resolution: {integrity: sha512-2yyAR8qBkN3YuheJanUpWC5U3bb5osDywNB8RzDVlDwDHbocAJveqqj1u8+SVD7jkWT4yvsHCpWqqWqAxb0zCA==}
    dev: false

  /module-details-from-path@1.0.3:
    resolution: {integrity: sha512-ySViT69/76t8VhE1xXHK6Ch4NcDd26gx0MzKXLO+F7NOtnqH68d9zF94nT8ZWSxXh8ELOERsnJO/sWt1xZYw5A==}
    dev: true

  /msgpack-lite@0.1.26:
    resolution: {integrity: sha512-SZ2IxeqZ1oRFGo0xFGbvBJWMp3yLIY9rlIJyxy8CGrwZn1f0ZK4r6jV/AM1r0FZMDUkWkglOk/eeKIL9g77Nxw==}
    hasBin: true
    dependencies:
      event-lite: 0.1.3
      ieee754: 1.2.1
      int64-buffer: 0.1.10
      isarray: 1.0.0
    dev: true

  /node-addon-api@6.1.0:
    resolution: {integrity: sha512-+eawOlIgy680F0kBzPUNFhMZGtJ1YmqM6l4+Crf4IkImjYrO/mqPwRMh352g23uIaQKFItcQ64I7KMaJxHgAVA==}
    dev: true

  /node-gyp-build@3.9.0:
    resolution: {integrity: sha512-zLcTg6P4AbcHPq465ZMFNXx7XpKKJh+7kkN699NiQWisR2uWYOWNWqRHAmbnmKiL4e9aLSlmy5U7rEMUXV59+A==}
    hasBin: true
    dev: true

  /node-gyp-build@4.8.1:
    resolution: {integrity: sha512-OSs33Z9yWr148JZcbZd5WiAXhh/n9z8TxQcdMhIOlpN9AhWpLfvVFO73+m77bBABQMaY9XSvIa+qk0jlI7Gcaw==}
    hasBin: true
    dev: true

  /opentracing@0.14.7:
    resolution: {integrity: sha512-vz9iS7MJ5+Bp1URw8Khvdyw1H/hGvzHWlKQ7eRrQojSCDL1/SrWfrY9QebLw97n2deyRtzHRC3MkQfVNUCo91Q==}
    engines: {node: '>=0.10'}
    dev: true

  /p-limit@3.1.0:
    resolution: {integrity: sha512-TYOanM3wGwNGsZN2cVTYPArw454xnXj5qmWF1bEoAc4+cU/ol7GVh7odevjp1FNHduHc3KZMcFduxU5Xc6uJRQ==}
    engines: {node: '>=10'}
    dependencies:
      yocto-queue: 0.1.0
    dev: true

  /path-to-regexp@0.1.8:
    resolution: {integrity: sha512-EErxvEqTuliG5GCVHNt3K3UmfKhlOM26QtiJZ6XBnZgCd7n+P5aHNV37wFHGJSpbjN4danT+1CpOFT4giETmRQ==}
    dev: true

  /pprof-format@2.1.0:
    resolution: {integrity: sha512-0+G5bHH0RNr8E5hoZo/zJYsL92MhkZjwrHp3O2IxmY8RJL9ooKeuZ8Tm0ZNBw5sGZ9TiM71sthTjWoR2Vf5/xw==}
    dev: true

  /protobufjs@7.3.2:
    resolution: {integrity: sha512-RXyHaACeqXeqAKGLDl68rQKbmObRsTIn4TYVUUug1KfS47YWCo5MacGITEryugIgZqORCvJWEk4l449POg5Txg==}
    engines: {node: '>=12.0.0'}
    requiresBuild: true
    dependencies:
      '@protobufjs/aspromise': 1.1.2
      '@protobufjs/base64': 1.1.2
      '@protobufjs/codegen': 2.0.4
      '@protobufjs/eventemitter': 1.1.0
      '@protobufjs/fetch': 1.1.0
      '@protobufjs/float': 1.0.2
      '@protobufjs/inquire': 1.1.0
      '@protobufjs/path': 1.1.2
      '@protobufjs/pool': 1.1.0
      '@protobufjs/utf8': 1.1.0
      '@types/node': 20.14.2
      long: 5.2.3
    dev: true

  /proxy-from-env@1.1.0:
    resolution: {integrity: sha512-D+zkORCbA9f1tdWRK0RaCR3GPv50cMxcrz4X8k5LTSUD1Dkw47mKJEZQNunItRTkWwgtaUSo1RVFRIG9ZXiFYg==}
    dev: false

  /retry@0.13.1:
    resolution: {integrity: sha512-XQBQ3I8W1Cge0Seh+6gjj03LbmRFWuoszgK9ooCpwYIrhhoO80pfq4cUkU5DkknwfOfFteRwlZ56PYOGYyFWdg==}
    engines: {node: '>= 4'}
    dev: true

  /rxjs@7.8.1:
    resolution: {integrity: sha512-AA3TVj+0A2iuIoQkWEK/tqFjBq2j+6PO6Y0zJcvzLAFhEFIO3HL0vls9hWLncZbAAbK0mar7oZ4V079I/qPMxg==}
    dependencies:
      tslib: 2.6.3
    dev: false

  /semver@7.6.2:
    resolution: {integrity: sha512-FNAIBWCx9qcRhoHcgcJ0gvU7SN1lYU2ZXuSfl04bSC5OpvDHFyJCjdNHomPXxjQlCBU67YW64PzY7/VIEH7F2w==}
    engines: {node: '>=10'}
    hasBin: true
    dev: true

  /shell-quote@1.8.1:
    resolution: {integrity: sha512-6j1W9l1iAs/4xYBI1SYOVZyFcCis9b4KCLQ8fgAGG07QvzaRLVVRQvAy85yNmmZSjYjg4MWh4gNvlPujU/5LpA==}
    dev: true

  /source-map@0.7.4:
    resolution: {integrity: sha512-l3BikUxvPOcn5E74dZiq5BGsTb5yEwhaTSzccU6t4sDOH8NWJCstKO5QT2CvtFoK6F0saL7p9xHAqHOlCPJygA==}
    engines: {node: '>= 8'}
    dev: true

  /tlhunter-sorted-set@0.1.0:
    resolution: {integrity: sha512-eGYW4bjf1DtrHzUYxYfAcSytpOkA44zsr7G2n3PV7yOUR23vmkGe3LL4R+1jL9OsXtbsFOwe8XtbCrabeaEFnw==}
    dev: true

  /tslib@2.6.3:
    resolution: {integrity: sha512-xNvxJEOUiWPGhUuUdQgAJPKOOJfGnIyKySOc09XkKsgdUV/3E2zvwZYdejjmRgPCgcym1juLH3226yA7sEFJKQ==}
    dev: false

  /undici-types@5.26.5:
    resolution: {integrity: sha512-JlCMO+ehdEIKqlFxk6IfVoAUVmgz7cU7zD/h9XZ0qzeosSHmUJVOzSQvvYSYWXkFXC+IfLKSIffhv0sVZup6pA==}
    dev: true

  /wait-on@7.2.0:
    resolution: {integrity: sha512-wCQcHkRazgjG5XoAq9jbTMLpNIjoSlZslrJ2+N9MxDsGEv1HnFoVjOCexL0ESva7Y9cu350j+DWADdk54s4AFQ==}
    engines: {node: '>=12.0.0'}
    hasBin: true
    dependencies:
      axios: 1.7.2
      joi: 17.13.1
      lodash: 4.17.21
      minimist: 1.2.8
      rxjs: 7.8.1
    transitivePeerDependencies:
      - debug
    dev: false

  /yocto-queue@0.1.0:
    resolution: {integrity: sha512-rVksvsnNCdJ/ohGc6xgPwyN8eheCxsiLM8mxuE/t/mOVqJewPuO1miLpTHQiRgTKCLexL4MeAFVagts7HmNZ2Q==}
    engines: {node: '>=10'}
    dev: true
